
Microsoft Visual Studio Solution File, Format Version 12.00
# Visual Studio 2012
Project("{FAE04EC0-301F-11D3-BF4B-00C04F79EFBC}") = "RestaurantMenu.API", "RestaurantMenu.API\RestaurantMenu.API.csproj", "{C915FB3F-C1BA-4852-8B20-46DBD2068A17}"
EndProject
Project("{FAE04EC0-301F-11D3-BF4B-00C04F79EFBC}") = "RestaurantMenu.Dto", "RestaurantMenu.Dto\RestaurantMenu.Dto.csproj", "{56B152E8-67BB-410C-A2D4-4532A0E56DB3}"
EndProject
Project("{FAE04EC0-301F-11D3-BF4B-00C04F79EFBC}") = "RestaurantMenu.Data", "RestaurantMenu.Data\RestaurantMenu.Data.csproj", "{B87EE5B9-0B8D-494A-A7FD-74FF49055A33}"
EndProject
Global
	GlobalSection(SolutionConfigurationPlatforms) = preSolution
		Debug|Any CPU = Debug|Any CPU
		Release|Any CPU = Release|Any CPU
	EndGlobalSection
	GlobalSection(ProjectConfigurationPlatforms) = postSolution
		{C915FB3F-C1BA-4852-8B20-46DBD2068A17}.Debug|Any CPU.ActiveCfg = Debug|Any CPU
		{C915FB3F-C1BA-4852-8B20-46DBD2068A17}.Debug|Any CPU.Build.0 = Debug|Any CPU
		{C915FB3F-C1BA-4852-8B20-46DBD2068A17}.Release|Any CPU.ActiveCfg = Release|Any CPU
		{C915FB3F-C1BA-4852-8B20-46DBD2068A17}.Release|Any CPU.Build.0 = Release|Any CPU
		{56B152E8-67BB-410C-A2D4-4532A0E56DB3}.Debug|Any CPU.ActiveCfg = Debug|Any CPU
		{56B152E8-67BB-410C-A2D4-4532A0E56DB3}.Debug|Any CPU.Build.0 = Debug|Any CPU
		{56B152E8-67BB-410C-A2D4-4532A0E56DB3}.Release|Any CPU.ActiveCfg = Release|Any CPU
		{56B152E8-67BB-410C-A2D4-4532A0E56DB3}.Release|Any CPU.Build.0 = Release|Any CPU
		{B87EE5B9-0B8D-494A-A7FD-74FF49055A33}.Debug|Any CPU.ActiveCfg = Debug|Any CPU
		{B87EE5B9-0B8D-494A-A7FD-74FF49055A33}.Debug|Any CPU.Build.0 = Debug|Any CPU
		{B87EE5B9-0B8D-494A-A7FD-74FF49055A33}.Release|Any CPU.ActiveCfg = Release|Any CPU
		{B87EE5B9-0B8D-494A-A7FD-74FF49055A33}.Release|Any CPU.Build.0 = Release|Any CPU
	EndGlobalSection
	GlobalSection(SolutionProperties) = preSolution
		HideSolutionNode = FALSE
	EndGlobalSection
EndGlobal
